
Microsoft Visual Studio Solution File, Format Version 12.00
# Visual Studio Version 16
VisualStudioVersion = 16.0.31702.278
MinimumVisualStudioVersion = 10.0.40219.1
Project("{9A19103F-16F7-4668-BE54-9A1E7A4F7556}") = "Lab 1", "Lab 1\Lab 1.csproj", "{EEE0BEB8-01DB-4E79-8AC6-B5FC4658A444}"
EndProject
Project("{FAE04EC0-301F-11D3-BF4B-00C04F79EFBC}") = "Lab 2", "Lab 2\Lab 2.csproj", "{1C95C0F5-2631-408C-A0D1-21F06B1B4FE1}"
EndProject
Global
	GlobalSection(SolutionConfigurationPlatforms) = preSolution
		Debug|Any CPU = Debug|Any CPU
		Release|Any CPU = Release|Any CPU
	EndGlobalSection
	GlobalSection(ProjectConfigurationPlatforms) = postSolution
		{EEE0BEB8-01DB-4E79-8AC6-B5FC4658A444}.Debug|Any CPU.ActiveCfg = Debug|Any CPU
		{EEE0BEB8-01DB-4E79-8AC6-B5FC4658A444}.Debug|Any CPU.Build.0 = Debug|Any CPU
		{EEE0BEB8-01DB-4E79-8AC6-B5FC4658A444}.Release|Any CPU.ActiveCfg = Release|Any CPU
		{EEE0BEB8-01DB-4E79-8AC6-B5FC4658A444}.Release|Any CPU.Build.0 = Release|Any CPU
		{1C95C0F5-2631-408C-A0D1-21F06B1B4FE1}.Debug|Any CPU.ActiveCfg = Debug|Any CPU
		{1C95C0F5-2631-408C-A0D1-21F06B1B4FE1}.Debug|Any CPU.Build.0 = Debug|Any CPU
		{1C95C0F5-2631-408C-A0D1-21F06B1B4FE1}.Release|Any CPU.ActiveCfg = Release|Any CPU
		{1C95C0F5-2631-408C-A0D1-21F06B1B4FE1}.Release|Any CPU.Build.0 = Release|Any CPU
	EndGlobalSection
	GlobalSection(SolutionProperties) = preSolution
		HideSolutionNode = FALSE
	EndGlobalSection
	GlobalSection(ExtensibilityGlobals) = postSolution
		SolutionGuid = {E2893DBD-BFCC-49EE-AC70-4C91C05D4CA5}
	EndGlobalSection
EndGlobal
